
Microsoft Visual Studio Solution File, Format Version 12.00
# Visual Studio Version 16
VisualStudioVersion = 16.0.30503.244
MinimumVisualStudioVersion = 10.0.40219.1
Project("{FAE04EC0-301F-11D3-BF4B-00C04F79EFBC}") = "TPSyntheseRT", "TPSyntheseRT.csproj", "{7682A4BF-88D5-49FF-A75D-158CFBD7B251}"
EndProject
Project("{FAE04EC0-301F-11D3-BF4B-00C04F79EFBC}") = "TPSyntheseRTTests", "..\TPSyntheseRTTests\TPSyntheseRTTests.csproj", "{A06BEBE2-858D-4385-BDDA-24ACB4D6888B}"
EndProject
Global
	GlobalSection(SolutionConfigurationPlatforms) = preSolution
		Debug|Any CPU = Debug|Any CPU
		Release|Any CPU = Release|Any CPU
	EndGlobalSection
	GlobalSection(ProjectConfigurationPlatforms) = postSolution
		{7682A4BF-88D5-49FF-A75D-158CFBD7B251}.Debug|Any CPU.ActiveCfg = Debug|Any CPU
		{7682A4BF-88D5-49FF-A75D-158CFBD7B251}.Debug|Any CPU.Build.0 = Debug|Any CPU
		{7682A4BF-88D5-49FF-A75D-158CFBD7B251}.Release|Any CPU.ActiveCfg = Release|Any CPU
		{7682A4BF-88D5-49FF-A75D-158CFBD7B251}.Release|Any CPU.Build.0 = Release|Any CPU
		{A06BEBE2-858D-4385-BDDA-24ACB4D6888B}.Debug|Any CPU.ActiveCfg = Debug|Any CPU
		{A06BEBE2-858D-4385-BDDA-24ACB4D6888B}.Debug|Any CPU.Build.0 = Debug|Any CPU
		{A06BEBE2-858D-4385-BDDA-24ACB4D6888B}.Release|Any CPU.ActiveCfg = Release|Any CPU
		{A06BEBE2-858D-4385-BDDA-24ACB4D6888B}.Release|Any CPU.Build.0 = Release|Any CPU
	EndGlobalSection
	GlobalSection(SolutionProperties) = preSolution
		HideSolutionNode = FALSE
	EndGlobalSection
	GlobalSection(ExtensibilityGlobals) = postSolution
		SolutionGuid = {DC2B6A19-C664-48B8-B1A0-DF98824AC9EB}
	EndGlobalSection
EndGlobal
